
Microsoft Visual Studio Solution File, Format Version 12.00
# Visual Studio Version 16
VisualStudioVersion = 16.0.28729.10
MinimumVisualStudioVersion = 10.0.40219.1
Project("{FAE04EC0-301F-11D3-BF4B-00C04F79EFBC}") = "nike_login", "nike_login\nike_login.csproj", "{86067C32-5724-4E83-9FE7-653651BF95C2}"
EndProject
Global
	GlobalSection(SolutionConfigurationPlatforms) = preSolution
		Debug|Any CPU = Debug|Any CPU
		Release|Any CPU = Release|Any CPU
	EndGlobalSection
	GlobalSection(ProjectConfigurationPlatforms) = postSolution
		{86067C32-5724-4E83-9FE7-653651BF95C2}.Debug|Any CPU.ActiveCfg = Debug|Any CPU
		{86067C32-5724-4E83-9FE7-653651BF95C2}.Debug|Any CPU.Build.0 = Debug|Any CPU
		{86067C32-5724-4E83-9FE7-653651BF95C2}.Release|Any CPU.ActiveCfg = Release|Any CPU
		{86067C32-5724-4E83-9FE7-653651BF95C2}.Release|Any CPU.Build.0 = Release|Any CPU
	EndGlobalSection
	GlobalSection(SolutionProperties) = preSolution
		HideSolutionNode = FALSE
	EndGlobalSection
	GlobalSection(ExtensibilityGlobals) = postSolution
		SolutionGuid = {8B6A0506-39BD-4CD7-9C97-EBA05BC24880}
	EndGlobalSection
EndGlobal
